
Microsoft Visual Studio Solution File, Format Version 12.00
# Visual Studio Version 17
VisualStudioVersion = 17.5.002.0
MinimumVisualStudioVersion = 10.0.40219.1
Project("{2150E333-8FDC-42A3-9474-1A3956D46DE8}") = "csharp-prep", "csharp-prep", "{E5836576-6A7A-4638-B449-0D4292E319A5}"
EndProject
Project("{9A19103F-16F7-4668-BE54-9A1E7A4F7556}") = "Prep1", "csharp-prep\Prep1\Prep1.csproj", "{0E905C86-B6AF-4C9B-B347-E650AC5E2E68}"
EndProject
Project("{9A19103F-16F7-4668-BE54-9A1E7A4F7556}") = "Prep2", "csharp-prep\Prep2\Prep2.csproj", "{136A5C65-9FB9-4871-A081-3F3B94C90233}"
EndProject
Project("{9A19103F-16F7-4668-BE54-9A1E7A4F7556}") = "Prep3", "csharp-prep\Prep3\Prep3.csproj", "{42D706B9-F981-42B4-B886-BBEC8445171C}"
EndProject
Project("{9A19103F-16F7-4668-BE54-9A1E7A4F7556}") = "Prep4", "csharp-prep\Prep4\Prep4.csproj", "{3E1CCEA5-AD97-45F9-BB38-2E14D15D4884}"
EndProject
Project("{9A19103F-16F7-4668-BE54-9A1E7A4F7556}") = "Prep5", "csharp-prep\Prep5\Prep5.csproj", "{A7F2CB20-F55F-41B7-9FF5-FB6A2DE6ADAD}"
EndProject
Project("{2150E333-8FDC-42A3-9474-1A3956D46DE8}") = "final", "final", "{988672BF-E117-45F1-B329-5BE19895CF19}"
EndProject
Project("{9A19103F-16F7-4668-BE54-9A1E7A4F7556}") = "FinalProject", "final\FinalProject\FinalProject.csproj", "{3BFBF0F5-1B07-40E3-8A2D-C3EE9A35C814}"
EndProject
Project("{9A19103F-16F7-4668-BE54-9A1E7A4F7556}") = "Foundation1", "final\Foundation1\Foundation1.csproj", "{A557E70A-F911-44B1-9FD0-D49B9424DBDD}"
EndProject
Project("{9A19103F-16F7-4668-BE54-9A1E7A4F7556}") = "Foundation2", "final\Foundation2\Foundation2.csproj", "{AA43B14F-D833-41D0-B2F2-07C4DE378B98}"
EndProject
Project("{9A19103F-16F7-4668-BE54-9A1E7A4F7556}") = "Foundation3", "final\Foundation3\Foundation3.csproj", "{0BC2D640-A5BE-48F2-93F8-1AD66B39925C}"
EndProject
Project("{9A19103F-16F7-4668-BE54-9A1E7A4F7556}") = "Foundation4", "final\Foundation4\Foundation4.csproj", "{421E9E38-183A-4A1C-AE07-292BD7501B30}"
EndProject
Project("{2150E333-8FDC-42A3-9474-1A3956D46DE8}") = "prepare", "prepare", "{4F7B699B-B095-452E-8B06-F30F18AE6512}"
EndProject
Project("{9A19103F-16F7-4668-BE54-9A1E7A4F7556}") = "Learning02", "prepare\Learning02\Learning02.csproj", "{2D40BE50-AB66-4DA7-A94F-B4AB10E75738}"
EndProject
Project("{9A19103F-16F7-4668-BE54-9A1E7A4F7556}") = "Learning03", "prepare\Learning03\Learning03.csproj", "{C59772C7-E2EB-4966-9954-FC20B663982D}"
EndProject
Project("{9A19103F-16F7-4668-BE54-9A1E7A4F7556}") = "Learning04", "prepare\Learning04\Learning04.csproj", "{2EC23F92-CB34-476B-9DB3-D84DD0D9FD23}"
EndProject
Project("{9A19103F-16F7-4668-BE54-9A1E7A4F7556}") = "Learning05", "prepare\Learning05\Learning05.csproj", "{000C87A7-A669-4FB2-8A7B-EEBC2C173E9E}"
EndProject
Project("{2150E333-8FDC-42A3-9474-1A3956D46DE8}") = "prove", "prove", "{478808A3-31BF-46AC-9E0C-F8C3A0B4D4A0}"
EndProject
Project("{9A19103F-16F7-4668-BE54-9A1E7A4F7556}") = "Develop02", "prove\Develop02\Develop02.csproj", "{F9DE080C-F16F-4DDF-A69A-441F7C74B7F0}"
EndProject
Project("{9A19103F-16F7-4668-BE54-9A1E7A4F7556}") = "Develop03", "prove\Develop03\Develop03.csproj", "{9DDDC114-FC08-4E00-BC8A-2F737282BC82}"
EndProject
Project("{9A19103F-16F7-4668-BE54-9A1E7A4F7556}") = "Develop04", "prove\Develop04\Develop04.csproj", "{F95BB51E-1D71-45C0-BE70-8310F295D6C6}"
EndProject
Project("{9A19103F-16F7-4668-BE54-9A1E7A4F7556}") = "Develop05", "prove\Develop05\Develop05.csproj", "{549397AE-1820-41D1-830A-58CEC1EAD612}"
EndProject
Project("{2150E333-8FDC-42A3-9474-1A3956D46DE8}") = "sandbox", "sandbox", "{A2E5CBF6-A8C0-4662-8DEC-A3EE0F370C58}"
EndProject
Project("{9A19103F-16F7-4668-BE54-9A1E7A4F7556}") = "Sandbox", "sandbox\Sandbox\Sandbox.csproj", "{5EBBA391-FD1E-4EB3-B4D4-E259D9031758}"
EndProject
Global
	GlobalSection(SolutionConfigurationPlatforms) = preSolution
		Debug|Any CPU = Debug|Any CPU
		Release|Any CPU = Release|Any CPU
	EndGlobalSection
	GlobalSection(ProjectConfigurationPlatforms) = postSolution
		{0E905C86-B6AF-4C9B-B347-E650AC5E2E68}.Debug|Any CPU.ActiveCfg = Debug|Any CPU
		{0E905C86-B6AF-4C9B-B347-E650AC5E2E68}.Debug|Any CPU.Build.0 = Debug|Any CPU
		{0E905C86-B6AF-4C9B-B347-E650AC5E2E68}.Release|Any CPU.ActiveCfg = Release|Any CPU
		{0E905C86-B6AF-4C9B-B347-E650AC5E2E68}.Release|Any CPU.Build.0 = Release|Any CPU
		{136A5C65-9FB9-4871-A081-3F3B94C90233}.Debug|Any CPU.ActiveCfg = Debug|Any CPU
		{136A5C65-9FB9-4871-A081-3F3B94C90233}.Debug|Any CPU.Build.0 = Debug|Any CPU
		{136A5C65-9FB9-4871-A081-3F3B94C90233}.Release|Any CPU.ActiveCfg = Release|Any CPU
		{136A5C65-9FB9-4871-A081-3F3B94C90233}.Release|Any CPU.Build.0 = Release|Any CPU
		{42D706B9-F981-42B4-B886-BBEC8445171C}.Debug|Any CPU.ActiveCfg = Debug|Any CPU
		{42D706B9-F981-42B4-B886-BBEC8445171C}.Debug|Any CPU.Build.0 = Debug|Any CPU
		{42D706B9-F981-42B4-B886-BBEC8445171C}.Release|Any CPU.ActiveCfg = Release|Any CPU
		{42D706B9-F981-42B4-B886-BBEC8445171C}.Release|Any CPU.Build.0 = Release|Any CPU
		{3E1CCEA5-AD97-45F9-BB38-2E14D15D4884}.Debug|Any CPU.ActiveCfg = Debug|Any CPU
		{3E1CCEA5-AD97-45F9-BB38-2E14D15D4884}.Debug|Any CPU.Build.0 = Debug|Any CPU
		{3E1CCEA5-AD97-45F9-BB38-2E14D15D4884}.Release|Any CPU.ActiveCfg = Release|Any CPU
		{3E1CCEA5-AD97-45F9-BB38-2E14D15D4884}.Release|Any CPU.Build.0 = Release|Any CPU
		{A7F2CB20-F55F-41B7-9FF5-FB6A2DE6ADAD}.Debug|Any CPU.ActiveCfg = Debug|Any CPU
		{A7F2CB20-F55F-41B7-9FF5-FB6A2DE6ADAD}.Debug|Any CPU.Build.0 = Debug|Any CPU
		{A7F2CB20-F55F-41B7-9FF5-FB6A2DE6ADAD}.Release|Any CPU.ActiveCfg = Release|Any CPU
		{A7F2CB20-F55F-41B7-9FF5-FB6A2DE6ADAD}.Release|Any CPU.Build.0 = Release|Any CPU
		{3BFBF0F5-1B07-40E3-8A2D-C3EE9A35C814}.Debug|Any CPU.ActiveCfg = Debug|Any CPU
		{3BFBF0F5-1B07-40E3-8A2D-C3EE9A35C814}.Debug|Any CPU.Build.0 = Debug|Any CPU
		{3BFBF0F5-1B07-40E3-8A2D-C3EE9A35C814}.Release|Any CPU.ActiveCfg = Release|Any CPU
		{3BFBF0F5-1B07-40E3-8A2D-C3EE9A35C814}.Release|Any CPU.Build.0 = Release|Any CPU
		{A557E70A-F911-44B1-9FD0-D49B9424DBDD}.Debug|Any CPU.ActiveCfg = Debug|Any CPU
		{A557E70A-F911-44B1-9FD0-D49B9424DBDD}.Debug|Any CPU.Build.0 = Debug|Any CPU
		{A557E70A-F911-44B1-9FD0-D49B9424DBDD}.Release|Any CPU.ActiveCfg = Release|Any CPU
		{A557E70A-F911-44B1-9FD0-D49B9424DBDD}.Release|Any CPU.Build.0 = Release|Any CPU
		{AA43B14F-D833-41D0-B2F2-07C4DE378B98}.Debug|Any CPU.ActiveCfg = Debug|Any CPU
		{AA43B14F-D833-41D0-B2F2-07C4DE378B98}.Debug|Any CPU.Build.0 = Debug|Any CPU
		{AA43B14F-D833-41D0-B2F2-07C4DE378B98}.Release|Any CPU.ActiveCfg = Release|Any CPU
		{AA43B14F-D833-41D0-B2F2-07C4DE378B98}.Release|Any CPU.Build.0 = Release|Any CPU
		{0BC2D640-A5BE-48F2-93F8-1AD66B39925C}.Debug|Any CPU.ActiveCfg = Debug|Any CPU
		{0BC2D640-A5BE-48F2-93F8-1AD66B39925C}.Debug|Any CPU.Build.0 = Debug|Any CPU
		{0BC2D640-A5BE-48F2-93F8-1AD66B39925C}.Release|Any CPU.ActiveCfg = Release|Any CPU
		{0BC2D640-A5BE-48F2-93F8-1AD66B39925C}.Release|Any CPU.Build.0 = Release|Any CPU
		{421E9E38-183A-4A1C-AE07-292BD7501B30}.Debug|Any CPU.ActiveCfg = Debug|Any CPU
		{421E9E38-183A-4A1C-AE07-292BD7501B30}.Debug|Any CPU.Build.0 = Debug|Any CPU
		{421E9E38-183A-4A1C-AE07-292BD7501B30}.Release|Any CPU.ActiveCfg = Release|Any CPU
		{421E9E38-183A-4A1C-AE07-292BD7501B30}.Release|Any CPU.Build.0 = Release|Any CPU
		{2D40BE50-AB66-4DA7-A94F-B4AB10E75738}.Debug|Any CPU.ActiveCfg = Debug|Any CPU
		{2D40BE50-AB66-4DA7-A94F-B4AB10E75738}.Debug|Any CPU.Build.0 = Debug|Any CPU
		{2D40BE50-AB66-4DA7-A94F-B4AB10E75738}.Release|Any CPU.ActiveCfg = Release|Any CPU
		{2D40BE50-AB66-4DA7-A94F-B4AB10E75738}.Release|Any CPU.Build.0 = Release|Any CPU
		{C59772C7-E2EB-4966-9954-FC20B663982D}.Debug|Any CPU.ActiveCfg = Debug|Any CPU
		{C59772C7-E2EB-4966-9954-FC20B663982D}.Debug|Any CPU.Build.0 = Debug|Any CPU
		{C59772C7-E2EB-4966-9954-FC20B663982D}.Release|Any CPU.ActiveCfg = Release|Any CPU
		{C59772C7-E2EB-4966-9954-FC20B663982D}.Release|Any CPU.Build.0 = Release|Any CPU
		{2EC23F92-CB34-476B-9DB3-D84DD0D9FD23}.Debug|Any CPU.ActiveCfg = Debug|Any CPU
		{2EC23F92-CB34-476B-9DB3-D84DD0D9FD23}.Debug|Any CPU.Build.0 = Debug|Any CPU
		{2EC23F92-CB34-476B-9DB3-D84DD0D9FD23}.Release|Any CPU.ActiveCfg = Release|Any CPU
		{2EC23F92-CB34-476B-9DB3-D84DD0D9FD23}.Release|Any CPU.Build.0 = Release|Any CPU
		{000C87A7-A669-4FB2-8A7B-EEBC2C173E9E}.Debug|Any CPU.ActiveCfg = Debug|Any CPU
		{000C87A7-A669-4FB2-8A7B-EEBC2C173E9E}.Debug|Any CPU.Build.0 = Debug|Any CPU
		{000C87A7-A669-4FB2-8A7B-EEBC2C173E9E}.Release|Any CPU.ActiveCfg = Release|Any CPU
		{000C87A7-A669-4FB2-8A7B-EEBC2C173E9E}.Release|Any CPU.Build.0 = Release|Any CPU
		{F9DE080C-F16F-4DDF-A69A-441F7C74B7F0}.Debug|Any CPU.ActiveCfg = Debug|Any CPU
		{F9DE080C-F16F-4DDF-A69A-441F7C74B7F0}.Debug|Any CPU.Build.0 = Debug|Any CPU
		{F9DE080C-F16F-4DDF-A69A-441F7C74B7F0}.Release|Any CPU.ActiveCfg = Release|Any CPU
		{F9DE080C-F16F-4DDF-A69A-441F7C74B7F0}.Release|Any CPU.Build.0 = Release|Any CPU
		{9DDDC114-FC08-4E00-BC8A-2F737282BC82}.Debug|Any CPU.ActiveCfg = Debug|Any CPU
		{9DDDC114-FC08-4E00-BC8A-2F737282BC82}.Debug|Any CPU.Build.0 = Debug|Any CPU
		{9DDDC114-FC08-4E00-BC8A-2F737282BC82}.Release|Any CPU.ActiveCfg = Release|Any CPU
		{9DDDC114-FC08-4E00-BC8A-2F737282BC82}.Release|Any CPU.Build.0 = Release|Any CPU
		{F95BB51E-1D71-45C0-BE70-8310F295D6C6}.Debug|Any CPU.ActiveCfg = Debug|Any CPU
		{F95BB51E-1D71-45C0-BE70-8310F295D6C6}.Debug|Any CPU.Build.0 = Debug|Any CPU
		{F95BB51E-1D71-45C0-BE70-8310F295D6C6}.Release|Any CPU.ActiveCfg = Release|Any CPU
		{F95BB51E-1D71-45C0-BE70-8310F295D6C6}.Release|Any CPU.Build.0 = Release|Any CPU
		{549397AE-1820-41D1-830A-58CEC1EAD612}.Debug|Any CPU.ActiveCfg = Debug|Any CPU
		{549397AE-1820-41D1-830A-58CEC1EAD612}.Debug|Any CPU.Build.0 = Debug|Any CPU
		{549397AE-1820-41D1-830A-58CEC1EAD612}.Release|Any CPU.ActiveCfg = Release|Any CPU
		{549397AE-1820-41D1-830A-58CEC1EAD612}.Release|Any CPU.Build.0 = Release|Any CPU
		{5EBBA391-FD1E-4EB3-B4D4-E259D9031758}.Debug|Any CPU.ActiveCfg = Debug|Any CPU
		{5EBBA391-FD1E-4EB3-B4D4-E259D9031758}.Debug|Any CPU.Build.0 = Debug|Any CPU
		{5EBBA391-FD1E-4EB3-B4D4-E259D9031758}.Release|Any CPU.ActiveCfg = Release|Any CPU
		{5EBBA391-FD1E-4EB3-B4D4-E259D9031758}.Release|Any CPU.Build.0 = Release|Any CPU
	EndGlobalSection
	GlobalSection(SolutionProperties) = preSolution
		HideSolutionNode = FALSE
	EndGlobalSection
	GlobalSection(NestedProjects) = preSolution
		{0E905C86-B6AF-4C9B-B347-E650AC5E2E68} = {E5836576-6A7A-4638-B449-0D4292E319A5}
		{136A5C65-9FB9-4871-A081-3F3B94C90233} = {E5836576-6A7A-4638-B449-0D4292E319A5}
		{42D706B9-F981-42B4-B886-BBEC8445171C} = {E5836576-6A7A-4638-B449-0D4292E319A5}
		{3E1CCEA5-AD97-45F9-BB38-2E14D15D4884} = {E5836576-6A7A-4638-B449-0D4292E319A5}
		{A7F2CB20-F55F-41B7-9FF5-FB6A2DE6ADAD} = {E5836576-6A7A-4638-B449-0D4292E319A5}
		{3BFBF0F5-1B07-40E3-8A2D-C3EE9A35C814} = {988672BF-E117-45F1-B329-5BE19895CF19}
		{A557E70A-F911-44B1-9FD0-D49B9424DBDD} = {988672BF-E117-45F1-B329-5BE19895CF19}
		{AA43B14F-D833-41D0-B2F2-07C4DE378B98} = {988672BF-E117-45F1-B329-5BE19895CF19}
		{0BC2D640-A5BE-48F2-93F8-1AD66B39925C} = {988672BF-E117-45F1-B329-5BE19895CF19}
		{421E9E38-183A-4A1C-AE07-292BD7501B30} = {988672BF-E117-45F1-B329-5BE19895CF19}
		{2D40BE50-AB66-4DA7-A94F-B4AB10E75738} = {4F7B699B-B095-452E-8B06-F30F18AE6512}
		{C59772C7-E2EB-4966-9954-FC20B663982D} = {4F7B699B-B095-452E-8B06-F30F18AE6512}
		{2EC23F92-CB34-476B-9DB3-D84DD0D9FD23} = {4F7B699B-B095-452E-8B06-F30F18AE6512}
		{000C87A7-A669-4FB2-8A7B-EEBC2C173E9E} = {4F7B699B-B095-452E-8B06-F30F18AE6512}
		{F9DE080C-F16F-4DDF-A69A-441F7C74B7F0} = {478808A3-31BF-46AC-9E0C-F8C3A0B4D4A0}
		{9DDDC114-FC08-4E00-BC8A-2F737282BC82} = {478808A3-31BF-46AC-9E0C-F8C3A0B4D4A0}
		{F95BB51E-1D71-45C0-BE70-8310F295D6C6} = {478808A3-31BF-46AC-9E0C-F8C3A0B4D4A0}
		{549397AE-1820-41D1-830A-58CEC1EAD612} = {478808A3-31BF-46AC-9E0C-F8C3A0B4D4A0}
		{5EBBA391-FD1E-4EB3-B4D4-E259D9031758} = {A2E5CBF6-A8C0-4662-8DEC-A3EE0F370C58}
	EndGlobalSection
	GlobalSection(ExtensibilityGlobals) = postSolution
		SolutionGuid = {6B3FD1A1-F258-4ECC-8365-06AF3EA12BF3}
	EndGlobalSection
EndGlobal
